
Microsoft Visual Studio Solution File, Format Version 12.00
# Visual Studio Version 16
VisualStudioVersion = 16.0.28803.352
MinimumVisualStudioVersion = 10.0.40219.1
Project("{FAE04EC0-301F-11D3-BF4B-00C04F79EFBC}") = "GoodbudgetApi.ConsoleTest", "GoodbudgetApi.ConsoleTest\GoodbudgetApi.ConsoleTest.csproj", "{F2305AF5-0F3D-4FAF-A5BB-122F6D3AFBD8}"
EndProject
Project("{FAE04EC0-301F-11D3-BF4B-00C04F79EFBC}") = "GoodbudgetApi", "GoodbudgetApi\GoodbudgetApi.csproj", "{82CA38D1-099A-4152-8B2B-A97BF1E2DA53}"
EndProject
Global
	GlobalSection(SolutionConfigurationPlatforms) = preSolution
		Debug|Any CPU = Debug|Any CPU
		Release|Any CPU = Release|Any CPU
	EndGlobalSection
	GlobalSection(ProjectConfigurationPlatforms) = postSolution
		{F6BB2D85-8CDA-4FA2-84A8-BC9F8955FED6}.Debug|Any CPU.ActiveCfg = Debug|Any CPU
		{F6BB2D85-8CDA-4FA2-84A8-BC9F8955FED6}.Debug|Any CPU.Build.0 = Debug|Any CPU
		{F6BB2D85-8CDA-4FA2-84A8-BC9F8955FED6}.Release|Any CPU.ActiveCfg = Release|Any CPU
		{F6BB2D85-8CDA-4FA2-84A8-BC9F8955FED6}.Release|Any CPU.Build.0 = Release|Any CPU
		{F2305AF5-0F3D-4FAF-A5BB-122F6D3AFBD8}.Debug|Any CPU.ActiveCfg = Debug|Any CPU
		{F2305AF5-0F3D-4FAF-A5BB-122F6D3AFBD8}.Debug|Any CPU.Build.0 = Debug|Any CPU
		{F2305AF5-0F3D-4FAF-A5BB-122F6D3AFBD8}.Release|Any CPU.ActiveCfg = Release|Any CPU
		{F2305AF5-0F3D-4FAF-A5BB-122F6D3AFBD8}.Release|Any CPU.Build.0 = Release|Any CPU
		{82CA38D1-099A-4152-8B2B-A97BF1E2DA53}.Debug|Any CPU.ActiveCfg = Debug|Any CPU
		{82CA38D1-099A-4152-8B2B-A97BF1E2DA53}.Debug|Any CPU.Build.0 = Debug|Any CPU
		{82CA38D1-099A-4152-8B2B-A97BF1E2DA53}.Release|Any CPU.ActiveCfg = Release|Any CPU
		{82CA38D1-099A-4152-8B2B-A97BF1E2DA53}.Release|Any CPU.Build.0 = Release|Any CPU
	EndGlobalSection
	GlobalSection(SolutionProperties) = preSolution
		HideSolutionNode = FALSE
	EndGlobalSection
	GlobalSection(ExtensibilityGlobals) = postSolution
		SolutionGuid = {2DF12901-2B7C-464B-AE43-EA8BBF801E24}
	EndGlobalSection
EndGlobal
